
Microsoft Visual Studio Solution File, Format Version 12.00
# Visual Studio Version 16
VisualStudioVersion = 16.0.30503.244
MinimumVisualStudioVersion = 10.0.40219.1
Project("{FAE04EC0-301F-11D3-BF4B-00C04F79EFBC}") = "HelloWorldHost", "HelloWorldHost\HelloWorldHost.csproj", "{BDFF5362-86EE-45B1-99F9-3E4C7B29C9D5}"
EndProject
Project("{FAE04EC0-301F-11D3-BF4B-00C04F79EFBC}") = "HelloWorldClient", "HelloWorldClient\HelloWorldClient.csproj", "{517FF760-02E1-4204-8DFB-818821FFAB6F}"
EndProject
Project("{FAE04EC0-301F-11D3-BF4B-00C04F79EFBC}") = "HelloWorldProxyClient", "HelloWorldProxyClient\HelloWorldProxyClient.csproj", "{0EEE8770-CE47-466E-B2AB-879EB4E62B1F}"
EndProject
Global
	GlobalSection(SolutionConfigurationPlatforms) = preSolution
		Debug|Any CPU = Debug|Any CPU
		Release|Any CPU = Release|Any CPU
	EndGlobalSection
	GlobalSection(ProjectConfigurationPlatforms) = postSolution
		{BDFF5362-86EE-45B1-99F9-3E4C7B29C9D5}.Debug|Any CPU.ActiveCfg = Debug|Any CPU
		{BDFF5362-86EE-45B1-99F9-3E4C7B29C9D5}.Debug|Any CPU.Build.0 = Debug|Any CPU
		{BDFF5362-86EE-45B1-99F9-3E4C7B29C9D5}.Release|Any CPU.ActiveCfg = Release|Any CPU
		{BDFF5362-86EE-45B1-99F9-3E4C7B29C9D5}.Release|Any CPU.Build.0 = Release|Any CPU
		{517FF760-02E1-4204-8DFB-818821FFAB6F}.Debug|Any CPU.ActiveCfg = Debug|Any CPU
		{517FF760-02E1-4204-8DFB-818821FFAB6F}.Debug|Any CPU.Build.0 = Debug|Any CPU
		{517FF760-02E1-4204-8DFB-818821FFAB6F}.Release|Any CPU.ActiveCfg = Release|Any CPU
		{517FF760-02E1-4204-8DFB-818821FFAB6F}.Release|Any CPU.Build.0 = Release|Any CPU
		{0EEE8770-CE47-466E-B2AB-879EB4E62B1F}.Debug|Any CPU.ActiveCfg = Debug|Any CPU
		{0EEE8770-CE47-466E-B2AB-879EB4E62B1F}.Debug|Any CPU.Build.0 = Debug|Any CPU
		{0EEE8770-CE47-466E-B2AB-879EB4E62B1F}.Release|Any CPU.ActiveCfg = Release|Any CPU
		{0EEE8770-CE47-466E-B2AB-879EB4E62B1F}.Release|Any CPU.Build.0 = Release|Any CPU
	EndGlobalSection
	GlobalSection(SolutionProperties) = preSolution
		HideSolutionNode = FALSE
	EndGlobalSection
	GlobalSection(ExtensibilityGlobals) = postSolution
		SolutionGuid = {416440DB-B8A7-45A3-8DDE-ABDD07FF9550}
	EndGlobalSection
EndGlobal
